
Microsoft Visual Studio Solution File, Format Version 12.00
# Visual Studio 14
VisualStudioVersion = 14.0.25420.1
MinimumVisualStudioVersion = 10.0.40219.1
Project("{FAE04EC0-301F-11D3-BF4B-00C04F79EFBC}") = "Kaka.App", "Kaka.App\Kaka.App.csproj", "{A42FE8F9-99EF-4822-BDD5-C221DF1B5CF7}"
EndProject
Project("{FAE04EC0-301F-11D3-BF4B-00C04F79EFBC}") = "Kaka.BAL", "Kaka.BAL\Kaka.BAL.csproj", "{A21E2093-DE88-4E61-B465-F7AFC7716B98}"
EndProject
Global
	GlobalSection(SolutionConfigurationPlatforms) = preSolution
		Debug|Any CPU = Debug|Any CPU
		Release|Any CPU = Release|Any CPU
	EndGlobalSection
	GlobalSection(ProjectConfigurationPlatforms) = postSolution
		{A42FE8F9-99EF-4822-BDD5-C221DF1B5CF7}.Debug|Any CPU.ActiveCfg = Debug|Any CPU
		{A42FE8F9-99EF-4822-BDD5-C221DF1B5CF7}.Debug|Any CPU.Build.0 = Debug|Any CPU
		{A42FE8F9-99EF-4822-BDD5-C221DF1B5CF7}.Release|Any CPU.ActiveCfg = Release|Any CPU
		{A42FE8F9-99EF-4822-BDD5-C221DF1B5CF7}.Release|Any CPU.Build.0 = Release|Any CPU
		{A21E2093-DE88-4E61-B465-F7AFC7716B98}.Debug|Any CPU.ActiveCfg = Debug|Any CPU
		{A21E2093-DE88-4E61-B465-F7AFC7716B98}.Debug|Any CPU.Build.0 = Debug|Any CPU
		{A21E2093-DE88-4E61-B465-F7AFC7716B98}.Release|Any CPU.ActiveCfg = Release|Any CPU
		{A21E2093-DE88-4E61-B465-F7AFC7716B98}.Release|Any CPU.Build.0 = Release|Any CPU
	EndGlobalSection
	GlobalSection(SolutionProperties) = preSolution
		HideSolutionNode = FALSE
	EndGlobalSection
EndGlobal
